
Microsoft Visual Studio Solution File, Format Version 12.00
# Visual Studio Version 16
VisualStudioVersion = 16.0.30406.217
MinimumVisualStudioVersion = 10.0.40219.1
Project("{FAE04EC0-301F-11D3-BF4B-00C04F79EFBC}") = "DynamicCalculationBasedOnRule", "DynamicCalculationBasedOnRule\DynamicCalculationBasedOnRule.csproj", "{90FB3C18-5A16-45E3-96B3-0F69D85E8514}"
EndProject
Project("{FAE04EC0-301F-11D3-BF4B-00C04F79EFBC}") = "BuisnessEntities", "BuisnessEntities\BuisnessEntities.csproj", "{50C8084B-2FAD-4776-B5A4-A196E04CAC13}"
EndProject
Project("{FAE04EC0-301F-11D3-BF4B-00C04F79EFBC}") = "BuisnessObject", "BuisnessObject\BuisnessObject.csproj", "{F30E7308-2336-49A3-9A13-01417D346036}"
EndProject
Project("{FAE04EC0-301F-11D3-BF4B-00C04F79EFBC}") = "DataAccessObject", "DataAccessObject\DataAccessObject.csproj", "{FFDCC88C-9863-405E-B4A5-504357A7903E}"
EndProject
Global
	GlobalSection(SolutionConfigurationPlatforms) = preSolution
		Debug|Any CPU = Debug|Any CPU
		Release|Any CPU = Release|Any CPU
	EndGlobalSection
	GlobalSection(ProjectConfigurationPlatforms) = postSolution
		{90FB3C18-5A16-45E3-96B3-0F69D85E8514}.Debug|Any CPU.ActiveCfg = Debug|Any CPU
		{90FB3C18-5A16-45E3-96B3-0F69D85E8514}.Debug|Any CPU.Build.0 = Debug|Any CPU
		{90FB3C18-5A16-45E3-96B3-0F69D85E8514}.Release|Any CPU.ActiveCfg = Release|Any CPU
		{90FB3C18-5A16-45E3-96B3-0F69D85E8514}.Release|Any CPU.Build.0 = Release|Any CPU
		{50C8084B-2FAD-4776-B5A4-A196E04CAC13}.Debug|Any CPU.ActiveCfg = Debug|Any CPU
		{50C8084B-2FAD-4776-B5A4-A196E04CAC13}.Debug|Any CPU.Build.0 = Debug|Any CPU
		{50C8084B-2FAD-4776-B5A4-A196E04CAC13}.Release|Any CPU.ActiveCfg = Release|Any CPU
		{50C8084B-2FAD-4776-B5A4-A196E04CAC13}.Release|Any CPU.Build.0 = Release|Any CPU
		{F30E7308-2336-49A3-9A13-01417D346036}.Debug|Any CPU.ActiveCfg = Debug|Any CPU
		{F30E7308-2336-49A3-9A13-01417D346036}.Debug|Any CPU.Build.0 = Debug|Any CPU
		{F30E7308-2336-49A3-9A13-01417D346036}.Release|Any CPU.ActiveCfg = Release|Any CPU
		{F30E7308-2336-49A3-9A13-01417D346036}.Release|Any CPU.Build.0 = Release|Any CPU
		{FFDCC88C-9863-405E-B4A5-504357A7903E}.Debug|Any CPU.ActiveCfg = Debug|Any CPU
		{FFDCC88C-9863-405E-B4A5-504357A7903E}.Debug|Any CPU.Build.0 = Debug|Any CPU
		{FFDCC88C-9863-405E-B4A5-504357A7903E}.Release|Any CPU.ActiveCfg = Release|Any CPU
		{FFDCC88C-9863-405E-B4A5-504357A7903E}.Release|Any CPU.Build.0 = Release|Any CPU
	EndGlobalSection
	GlobalSection(SolutionProperties) = preSolution
		HideSolutionNode = FALSE
	EndGlobalSection
	GlobalSection(ExtensibilityGlobals) = postSolution
		SolutionGuid = {5FD38B1C-750E-4325-A3EA-8D43D883F913}
	EndGlobalSection
EndGlobal
